
Microsoft Visual Studio Solution File, Format Version 12.00
# Visual Studio Version 16
VisualStudioVersion = 16.0.28809.33
MinimumVisualStudioVersion = 10.0.40219.1
Project("{9A19103F-16F7-4668-BE54-9A1E7A4F7556}") = "BackEnd", "BackEnd\BackEnd.csproj", "{8AB6293D-E4FB-43D8-A26A-F881258AD31E}"
EndProject
Project("{9A19103F-16F7-4668-BE54-9A1E7A4F7556}") = "Models.PublicAPI", "Models.PublicAPI\Models.PublicAPI.csproj", "{837EB41B-41FA-40F6-8954-416AD7B64BC5}"
EndProject
Project("{9A19103F-16F7-4668-BE54-9A1E7A4F7556}") = "Extensions", "Extensions\Extensions.csproj", "{E4907F0C-B8DA-49B1-854E-2DF026CF3B4E}"
EndProject
Project("{9A19103F-16F7-4668-BE54-9A1E7A4F7556}") = "Models", "Models\Models.csproj", "{F79CAEFE-08DC-4CD0-9725-C2A1558D3892}"
EndProject
Project("{2150E333-8FDC-42A3-9474-1A3956D46DE8}") = "Solution Items", "Solution Items", "{29A07F1F-4893-45FE-80B8-968FAC4C062D}"
	ProjectSection(SolutionItems) = preProject
		.gitignore = .gitignore
		README.md = README.md
	EndProjectSection
EndProject
Project("{9A19103F-16F7-4668-BE54-9A1E7A4F7556}") = "WebApp.Configure", "WebApp.Configure\WebApp.Configure.csproj", "{CD724AC9-52D5-44CF-9460-BC4CFE22781F}"
EndProject
Global
	GlobalSection(SolutionConfigurationPlatforms) = preSolution
		Debug|Any CPU = Debug|Any CPU
		Release|Any CPU = Release|Any CPU
	EndGlobalSection
	GlobalSection(ProjectConfigurationPlatforms) = postSolution
		{8AB6293D-E4FB-43D8-A26A-F881258AD31E}.Debug|Any CPU.ActiveCfg = Debug|Any CPU
		{8AB6293D-E4FB-43D8-A26A-F881258AD31E}.Debug|Any CPU.Build.0 = Debug|Any CPU
		{8AB6293D-E4FB-43D8-A26A-F881258AD31E}.Release|Any CPU.ActiveCfg = Release|Any CPU
		{8AB6293D-E4FB-43D8-A26A-F881258AD31E}.Release|Any CPU.Build.0 = Release|Any CPU
		{837EB41B-41FA-40F6-8954-416AD7B64BC5}.Debug|Any CPU.ActiveCfg = Debug|Any CPU
		{837EB41B-41FA-40F6-8954-416AD7B64BC5}.Debug|Any CPU.Build.0 = Debug|Any CPU
		{837EB41B-41FA-40F6-8954-416AD7B64BC5}.Release|Any CPU.ActiveCfg = Release|Any CPU
		{837EB41B-41FA-40F6-8954-416AD7B64BC5}.Release|Any CPU.Build.0 = Release|Any CPU
		{E4907F0C-B8DA-49B1-854E-2DF026CF3B4E}.Debug|Any CPU.ActiveCfg = Debug|Any CPU
		{E4907F0C-B8DA-49B1-854E-2DF026CF3B4E}.Debug|Any CPU.Build.0 = Debug|Any CPU
		{E4907F0C-B8DA-49B1-854E-2DF026CF3B4E}.Release|Any CPU.ActiveCfg = Release|Any CPU
		{E4907F0C-B8DA-49B1-854E-2DF026CF3B4E}.Release|Any CPU.Build.0 = Release|Any CPU
		{F79CAEFE-08DC-4CD0-9725-C2A1558D3892}.Debug|Any CPU.ActiveCfg = Debug|Any CPU
		{F79CAEFE-08DC-4CD0-9725-C2A1558D3892}.Debug|Any CPU.Build.0 = Debug|Any CPU
		{F79CAEFE-08DC-4CD0-9725-C2A1558D3892}.Release|Any CPU.ActiveCfg = Release|Any CPU
		{F79CAEFE-08DC-4CD0-9725-C2A1558D3892}.Release|Any CPU.Build.0 = Release|Any CPU
		{CD724AC9-52D5-44CF-9460-BC4CFE22781F}.Debug|Any CPU.ActiveCfg = Debug|Any CPU
		{CD724AC9-52D5-44CF-9460-BC4CFE22781F}.Debug|Any CPU.Build.0 = Debug|Any CPU
		{CD724AC9-52D5-44CF-9460-BC4CFE22781F}.Release|Any CPU.ActiveCfg = Release|Any CPU
		{CD724AC9-52D5-44CF-9460-BC4CFE22781F}.Release|Any CPU.Build.0 = Release|Any CPU
	EndGlobalSection
	GlobalSection(SolutionProperties) = preSolution
		HideSolutionNode = FALSE
	EndGlobalSection
	GlobalSection(ExtensibilityGlobals) = postSolution
		SolutionGuid = {0F4058AD-9454-4569-A0BC-4CE525EC7702}
	EndGlobalSection
EndGlobal
